
Microsoft Visual Studio Solution File, Format Version 11.00
# Visual Studio 2010
Project("{FAE04EC0-301F-11D3-BF4B-00C04F79EFBC}") = "Sugar", "Sugar\Sugar.csproj", "{7BAFF104-8B72-4523-B6EC-4FD75648EBB6}"
EndProject
Project("{2150E333-8FDC-42A3-9474-1A3956D46DE8}") = "Solution Items", "Solution Items", "{855252D7-D449-4B77-8FCC-E927708C9F75}"
	ProjectSection(SolutionItems) = preProject
		readme.md = readme.md
		Sugar.NET.1.0.nuspec = Sugar.NET.1.0.nuspec
	EndProjectSection
EndProject
Global
	GlobalSection(SolutionConfigurationPlatforms) = preSolution
		Debug|Any CPU = Debug|Any CPU
		Release|Any CPU = Release|Any CPU
	EndGlobalSection
	GlobalSection(ProjectConfigurationPlatforms) = postSolution
		{7BAFF104-8B72-4523-B6EC-4FD75648EBB6}.Debug|Any CPU.ActiveCfg = Debug|Any CPU
		{7BAFF104-8B72-4523-B6EC-4FD75648EBB6}.Debug|Any CPU.Build.0 = Debug|Any CPU
		{7BAFF104-8B72-4523-B6EC-4FD75648EBB6}.Release|Any CPU.ActiveCfg = Release|Any CPU
		{7BAFF104-8B72-4523-B6EC-4FD75648EBB6}.Release|Any CPU.Build.0 = Release|Any CPU
	EndGlobalSection
	GlobalSection(SolutionProperties) = preSolution
		HideSolutionNode = FALSE
	EndGlobalSection
EndGlobal
